{
  "name": "charting-the-code-compilers",
  "lockfileVersion": 3,
  "requires": true,
  "packages": {
    "": {
      "dependencies": {
        "chartist": "^1.3.0"
      }
    },
    "node_modules/chartist": {
      "version": "1.3.0",
      "resolved": "https://registry.npmjs.org/chartist/-/chartist-1.3.0.tgz",
      "integrity": "sha512-M3ckI3ua7EHt08WLZvdi3QXn5g+in27qU6TxjI5bpriS6QwIZlWtisyUhFbpGclW546SlT3SL9oq0vFFDiAo6g==",
      "license": "MIT OR WTFPL",
      "engines": {
        "node": ">=14"
      }
    }
  }
}
